
Microsoft Visual Studio Solution File, Format Version 12.00
# Visual Studio Version 16
VisualStudioVersion = 16.0.29728.190
MinimumVisualStudioVersion = 10.0.40219.1
Project("{FAE04EC0-301F-11D3-BF4B-00C04F79EFBC}") = "WebApplication5", "WebApplication5.csproj", "{4C343ACE-7759-4938-94F8-3A04BD7E03B1}"
EndProject
Global
	GlobalSection(SolutionConfigurationPlatforms) = preSolution
		Debug|Any CPU = Debug|Any CPU
		Release|Any CPU = Release|Any CPU
	EndGlobalSection
	GlobalSection(ProjectConfigurationPlatforms) = postSolution
		{4C343ACE-7759-4938-94F8-3A04BD7E03B1}.Debug|Any CPU.ActiveCfg = Debug|Any CPU
		{4C343ACE-7759-4938-94F8-3A04BD7E03B1}.Debug|Any CPU.Build.0 = Debug|Any CPU
		{4C343ACE-7759-4938-94F8-3A04BD7E03B1}.Release|Any CPU.ActiveCfg = Release|Any CPU
		{4C343ACE-7759-4938-94F8-3A04BD7E03B1}.Release|Any CPU.Build.0 = Release|Any CPU
	EndGlobalSection
	GlobalSection(SolutionProperties) = preSolution
		HideSolutionNode = FALSE
	EndGlobalSection
	GlobalSection(ExtensibilityGlobals) = postSolution
		SolutionGuid = {7F9DB47F-C26F-46AD-91E0-3B230F5F7EC1}
	EndGlobalSection
EndGlobal
